
Microsoft Visual Studio Solution File, Format Version 12.00
# Visual Studio Version 17
VisualStudioVersion = 17.0.32112.339
MinimumVisualStudioVersion = 10.0.40219.1
Project("{2150E333-8FDC-42A3-9474-1A3956D46DE8}") = "Order", "Order", "{FA641239-54FC-4D59-ABDA-270133A03F8B}"
	ProjectSection(SolutionItems) = preProject
		Docker-Order = Docker-Order
	EndProjectSection
EndProject
Project("{9A19103F-16F7-4668-BE54-9A1E7A4F7556}") = "Order", "Order\Order.csproj", "{D367085B-B8D7-474E-9316-2BC5E6798168}"
EndProject
Project("{2150E333-8FDC-42A3-9474-1A3956D46DE8}") = "Billing", "Billing", "{E03EE9DE-C3BE-4FBA-8155-F26CDA1ED213}"
	ProjectSection(SolutionItems) = preProject
		Docker-Billing = Docker-Billing
	EndProjectSection
EndProject
Project("{9A19103F-16F7-4668-BE54-9A1E7A4F7556}") = "Billing", "Billing\Billing.csproj", "{61CF707B-A2CC-47F8-9EDA-02A293A5B899}"
EndProject
Project("{2150E333-8FDC-42A3-9474-1A3956D46DE8}") = "Shipping", "Shipping", "{17F207B6-AFD7-4996-A39F-931077830BF3}"
	ProjectSection(SolutionItems) = preProject
		Docker-Shipping = Docker-Shipping
	EndProjectSection
EndProject
Project("{9A19103F-16F7-4668-BE54-9A1E7A4F7556}") = "Shipping", "Shipping\Shipping.csproj", "{F37F7EDE-A172-48D6-BEBE-38B05BDF3479}"
EndProject
Project("{2150E333-8FDC-42A3-9474-1A3956D46DE8}") = "Catalog", "Catalog", "{587C080E-ABB2-480C-861A-8E3F1A75F721}"
	ProjectSection(SolutionItems) = preProject
		Docker-Catalog = Docker-Catalog
	EndProjectSection
EndProject
Project("{9A19103F-16F7-4668-BE54-9A1E7A4F7556}") = "Catalog", "Catalog\Catalog.csproj", "{CA82D374-0B0D-467F-AE45-94628854D6BD}"
EndProject
Project("{2150E333-8FDC-42A3-9474-1A3956D46DE8}") = "Warehouse", "Warehouse", "{8D0B7485-7F77-4371-974C-3A8E668944DC}"
	ProjectSection(SolutionItems) = preProject
		Docker-Warehouse = Docker-Warehouse
	EndProjectSection
EndProject
Project("{9A19103F-16F7-4668-BE54-9A1E7A4F7556}") = "Warehouse", "Warehouse\Warehouse.csproj", "{01DDA1F4-8989-453F-9F81-E01A4347AE83}"
EndProject
Project("{9A19103F-16F7-4668-BE54-9A1E7A4F7556}") = "Catalog.Domain", "Catalog.Domain\Catalog.Domain.csproj", "{DEC8AD49-D9FF-45E9-999A-2838C17887C0}"
EndProject
Project("{9A19103F-16F7-4668-BE54-9A1E7A4F7556}") = "Catalog.Infrastructure", "Catalog.Infrastructure\Catalog.Infrastructure.csproj", "{F2254B1D-8D95-4738-B796-CBAA487D68AC}"
EndProject
Project("{9A19103F-16F7-4668-BE54-9A1E7A4F7556}") = "Warehouse.Domain", "Warehouse.Domain\Warehouse.Domain.csproj", "{756CF176-A9C5-41BA-9B06-AC22E6176D98}"
EndProject
Project("{9A19103F-16F7-4668-BE54-9A1E7A4F7556}") = "Warehouse.Infrastructure", "Warehouse.Infrastructure\Warehouse.Infrastructure.csproj", "{755002E5-1B8A-421D-B6D4-805A4D9E6C86}"
EndProject
Project("{9A19103F-16F7-4668-BE54-9A1E7A4F7556}") = "Billing.Domain", "Billing.Domain\Billing.Domain.csproj", "{9F97CDDD-A389-4F6B-AB4D-C3DC1529E81E}"
EndProject
Project("{9A19103F-16F7-4668-BE54-9A1E7A4F7556}") = "Order.Domain", "Order.Domain\Order.Domain.csproj", "{47FE2141-2D14-4F6F-BF73-FF4A1C52960E}"
EndProject
Project("{9A19103F-16F7-4668-BE54-9A1E7A4F7556}") = "Order.Infrastructure", "Order.Infrastructure\Order.Infrastructure.csproj", "{4D746AA3-6AE2-46F1-BDD7-F30864003B2F}"
EndProject
Project("{9A19103F-16F7-4668-BE54-9A1E7A4F7556}") = "Shipping.Domain", "Shipping.Domain\Shipping.Domain.csproj", "{D2BC8A17-B1FA-4C0C-9D7E-BB271EB0718A}"
EndProject
Project("{9A19103F-16F7-4668-BE54-9A1E7A4F7556}") = "Shipping.Infrastructure", "Shipping.Infrastructure\Shipping.Infrastructure.csproj", "{07314611-DBF6-4A3B-9D7B-D28F798F0452}"
EndProject
Project("{9A19103F-16F7-4668-BE54-9A1E7A4F7556}") = "Billing.Infrastructure", "Billing.Infrastructure\Billing.Infrastructure.csproj", "{3C896AC7-2588-4081-8A42-0595A44CE9A0}"
EndProject
Project("{2150E333-8FDC-42A3-9474-1A3956D46DE8}") = "Solution Items", "Solution Items", "{8D887EA7-D3C2-4E67-9940-35EF964B28EA}"
	ProjectSection(SolutionItems) = preProject
		docker-compose.yaml = docker-compose.yaml
	EndProjectSection
EndProject
Project("{2150E333-8FDC-42A3-9474-1A3956D46DE8}") = "Auth", "Auth", "{D4B9A75B-A56E-445B-B209-00D444281B33}"
	ProjectSection(SolutionItems) = preProject
		Docker-Auth = Docker-Auth
	EndProjectSection
EndProject
Project("{FAE04EC0-301F-11D3-BF4B-00C04F79EFBC}") = "Auth", "Auth\Auth.csproj", "{B7E97585-7684-41A3-AC7F-2EE1B37A46D5}"
EndProject
Global
	GlobalSection(SolutionConfigurationPlatforms) = preSolution
		Debug|Any CPU = Debug|Any CPU
		Release|Any CPU = Release|Any CPU
	EndGlobalSection
	GlobalSection(ProjectConfigurationPlatforms) = postSolution
		{D367085B-B8D7-474E-9316-2BC5E6798168}.Debug|Any CPU.ActiveCfg = Debug|Any CPU
		{D367085B-B8D7-474E-9316-2BC5E6798168}.Debug|Any CPU.Build.0 = Debug|Any CPU
		{D367085B-B8D7-474E-9316-2BC5E6798168}.Release|Any CPU.ActiveCfg = Release|Any CPU
		{D367085B-B8D7-474E-9316-2BC5E6798168}.Release|Any CPU.Build.0 = Release|Any CPU
		{61CF707B-A2CC-47F8-9EDA-02A293A5B899}.Debug|Any CPU.ActiveCfg = Debug|Any CPU
		{61CF707B-A2CC-47F8-9EDA-02A293A5B899}.Debug|Any CPU.Build.0 = Debug|Any CPU
		{61CF707B-A2CC-47F8-9EDA-02A293A5B899}.Release|Any CPU.ActiveCfg = Release|Any CPU
		{61CF707B-A2CC-47F8-9EDA-02A293A5B899}.Release|Any CPU.Build.0 = Release|Any CPU
		{F37F7EDE-A172-48D6-BEBE-38B05BDF3479}.Debug|Any CPU.ActiveCfg = Debug|Any CPU
		{F37F7EDE-A172-48D6-BEBE-38B05BDF3479}.Debug|Any CPU.Build.0 = Debug|Any CPU
		{F37F7EDE-A172-48D6-BEBE-38B05BDF3479}.Release|Any CPU.ActiveCfg = Release|Any CPU
		{F37F7EDE-A172-48D6-BEBE-38B05BDF3479}.Release|Any CPU.Build.0 = Release|Any CPU
		{CA82D374-0B0D-467F-AE45-94628854D6BD}.Debug|Any CPU.ActiveCfg = Debug|Any CPU
		{CA82D374-0B0D-467F-AE45-94628854D6BD}.Debug|Any CPU.Build.0 = Debug|Any CPU
		{CA82D374-0B0D-467F-AE45-94628854D6BD}.Release|Any CPU.ActiveCfg = Release|Any CPU
		{CA82D374-0B0D-467F-AE45-94628854D6BD}.Release|Any CPU.Build.0 = Release|Any CPU
		{01DDA1F4-8989-453F-9F81-E01A4347AE83}.Debug|Any CPU.ActiveCfg = Debug|Any CPU
		{01DDA1F4-8989-453F-9F81-E01A4347AE83}.Debug|Any CPU.Build.0 = Debug|Any CPU
		{01DDA1F4-8989-453F-9F81-E01A4347AE83}.Release|Any CPU.ActiveCfg = Release|Any CPU
		{01DDA1F4-8989-453F-9F81-E01A4347AE83}.Release|Any CPU.Build.0 = Release|Any CPU
		{DEC8AD49-D9FF-45E9-999A-2838C17887C0}.Debug|Any CPU.ActiveCfg = Debug|Any CPU
		{DEC8AD49-D9FF-45E9-999A-2838C17887C0}.Debug|Any CPU.Build.0 = Debug|Any CPU
		{DEC8AD49-D9FF-45E9-999A-2838C17887C0}.Release|Any CPU.ActiveCfg = Release|Any CPU
		{DEC8AD49-D9FF-45E9-999A-2838C17887C0}.Release|Any CPU.Build.0 = Release|Any CPU
		{F2254B1D-8D95-4738-B796-CBAA487D68AC}.Debug|Any CPU.ActiveCfg = Debug|Any CPU
		{F2254B1D-8D95-4738-B796-CBAA487D68AC}.Debug|Any CPU.Build.0 = Debug|Any CPU
		{F2254B1D-8D95-4738-B796-CBAA487D68AC}.Release|Any CPU.ActiveCfg = Release|Any CPU
		{F2254B1D-8D95-4738-B796-CBAA487D68AC}.Release|Any CPU.Build.0 = Release|Any CPU
		{756CF176-A9C5-41BA-9B06-AC22E6176D98}.Debug|Any CPU.ActiveCfg = Debug|Any CPU
		{756CF176-A9C5-41BA-9B06-AC22E6176D98}.Debug|Any CPU.Build.0 = Debug|Any CPU
		{756CF176-A9C5-41BA-9B06-AC22E6176D98}.Release|Any CPU.ActiveCfg = Release|Any CPU
		{756CF176-A9C5-41BA-9B06-AC22E6176D98}.Release|Any CPU.Build.0 = Release|Any CPU
		{755002E5-1B8A-421D-B6D4-805A4D9E6C86}.Debug|Any CPU.ActiveCfg = Debug|Any CPU
		{755002E5-1B8A-421D-B6D4-805A4D9E6C86}.Debug|Any CPU.Build.0 = Debug|Any CPU
		{755002E5-1B8A-421D-B6D4-805A4D9E6C86}.Release|Any CPU.ActiveCfg = Release|Any CPU
		{755002E5-1B8A-421D-B6D4-805A4D9E6C86}.Release|Any CPU.Build.0 = Release|Any CPU
		{9F97CDDD-A389-4F6B-AB4D-C3DC1529E81E}.Debug|Any CPU.ActiveCfg = Debug|Any CPU
		{9F97CDDD-A389-4F6B-AB4D-C3DC1529E81E}.Debug|Any CPU.Build.0 = Debug|Any CPU
		{9F97CDDD-A389-4F6B-AB4D-C3DC1529E81E}.Release|Any CPU.ActiveCfg = Release|Any CPU
		{9F97CDDD-A389-4F6B-AB4D-C3DC1529E81E}.Release|Any CPU.Build.0 = Release|Any CPU
		{47FE2141-2D14-4F6F-BF73-FF4A1C52960E}.Debug|Any CPU.ActiveCfg = Debug|Any CPU
		{47FE2141-2D14-4F6F-BF73-FF4A1C52960E}.Debug|Any CPU.Build.0 = Debug|Any CPU
		{47FE2141-2D14-4F6F-BF73-FF4A1C52960E}.Release|Any CPU.ActiveCfg = Release|Any CPU
		{47FE2141-2D14-4F6F-BF73-FF4A1C52960E}.Release|Any CPU.Build.0 = Release|Any CPU
		{4D746AA3-6AE2-46F1-BDD7-F30864003B2F}.Debug|Any CPU.ActiveCfg = Debug|Any CPU
		{4D746AA3-6AE2-46F1-BDD7-F30864003B2F}.Debug|Any CPU.Build.0 = Debug|Any CPU
		{4D746AA3-6AE2-46F1-BDD7-F30864003B2F}.Release|Any CPU.ActiveCfg = Release|Any CPU
		{4D746AA3-6AE2-46F1-BDD7-F30864003B2F}.Release|Any CPU.Build.0 = Release|Any CPU
		{D2BC8A17-B1FA-4C0C-9D7E-BB271EB0718A}.Debug|Any CPU.ActiveCfg = Debug|Any CPU
		{D2BC8A17-B1FA-4C0C-9D7E-BB271EB0718A}.Debug|Any CPU.Build.0 = Debug|Any CPU
		{D2BC8A17-B1FA-4C0C-9D7E-BB271EB0718A}.Release|Any CPU.ActiveCfg = Release|Any CPU
		{D2BC8A17-B1FA-4C0C-9D7E-BB271EB0718A}.Release|Any CPU.Build.0 = Release|Any CPU
		{07314611-DBF6-4A3B-9D7B-D28F798F0452}.Debug|Any CPU.ActiveCfg = Debug|Any CPU
		{07314611-DBF6-4A3B-9D7B-D28F798F0452}.Debug|Any CPU.Build.0 = Debug|Any CPU
		{07314611-DBF6-4A3B-9D7B-D28F798F0452}.Release|Any CPU.ActiveCfg = Release|Any CPU
		{07314611-DBF6-4A3B-9D7B-D28F798F0452}.Release|Any CPU.Build.0 = Release|Any CPU
		{3C896AC7-2588-4081-8A42-0595A44CE9A0}.Debug|Any CPU.ActiveCfg = Debug|Any CPU
		{3C896AC7-2588-4081-8A42-0595A44CE9A0}.Debug|Any CPU.Build.0 = Debug|Any CPU
		{3C896AC7-2588-4081-8A42-0595A44CE9A0}.Release|Any CPU.ActiveCfg = Release|Any CPU
		{3C896AC7-2588-4081-8A42-0595A44CE9A0}.Release|Any CPU.Build.0 = Release|Any CPU
		{B7E97585-7684-41A3-AC7F-2EE1B37A46D5}.Debug|Any CPU.ActiveCfg = Debug|Any CPU
		{B7E97585-7684-41A3-AC7F-2EE1B37A46D5}.Debug|Any CPU.Build.0 = Debug|Any CPU
		{B7E97585-7684-41A3-AC7F-2EE1B37A46D5}.Release|Any CPU.ActiveCfg = Release|Any CPU
		{B7E97585-7684-41A3-AC7F-2EE1B37A46D5}.Release|Any CPU.Build.0 = Release|Any CPU
	EndGlobalSection
	GlobalSection(SolutionProperties) = preSolution
		HideSolutionNode = FALSE
	EndGlobalSection
	GlobalSection(NestedProjects) = preSolution
		{D367085B-B8D7-474E-9316-2BC5E6798168} = {FA641239-54FC-4D59-ABDA-270133A03F8B}
		{61CF707B-A2CC-47F8-9EDA-02A293A5B899} = {E03EE9DE-C3BE-4FBA-8155-F26CDA1ED213}
		{F37F7EDE-A172-48D6-BEBE-38B05BDF3479} = {17F207B6-AFD7-4996-A39F-931077830BF3}
		{CA82D374-0B0D-467F-AE45-94628854D6BD} = {587C080E-ABB2-480C-861A-8E3F1A75F721}
		{01DDA1F4-8989-453F-9F81-E01A4347AE83} = {8D0B7485-7F77-4371-974C-3A8E668944DC}
		{DEC8AD49-D9FF-45E9-999A-2838C17887C0} = {587C080E-ABB2-480C-861A-8E3F1A75F721}
		{F2254B1D-8D95-4738-B796-CBAA487D68AC} = {587C080E-ABB2-480C-861A-8E3F1A75F721}
		{756CF176-A9C5-41BA-9B06-AC22E6176D98} = {8D0B7485-7F77-4371-974C-3A8E668944DC}
		{755002E5-1B8A-421D-B6D4-805A4D9E6C86} = {8D0B7485-7F77-4371-974C-3A8E668944DC}
		{9F97CDDD-A389-4F6B-AB4D-C3DC1529E81E} = {E03EE9DE-C3BE-4FBA-8155-F26CDA1ED213}
		{47FE2141-2D14-4F6F-BF73-FF4A1C52960E} = {FA641239-54FC-4D59-ABDA-270133A03F8B}
		{4D746AA3-6AE2-46F1-BDD7-F30864003B2F} = {FA641239-54FC-4D59-ABDA-270133A03F8B}
		{D2BC8A17-B1FA-4C0C-9D7E-BB271EB0718A} = {17F207B6-AFD7-4996-A39F-931077830BF3}
		{07314611-DBF6-4A3B-9D7B-D28F798F0452} = {17F207B6-AFD7-4996-A39F-931077830BF3}
		{3C896AC7-2588-4081-8A42-0595A44CE9A0} = {E03EE9DE-C3BE-4FBA-8155-F26CDA1ED213}
		{B7E97585-7684-41A3-AC7F-2EE1B37A46D5} = {D4B9A75B-A56E-445B-B209-00D444281B33}
	EndGlobalSection
	GlobalSection(ExtensibilityGlobals) = postSolution
		SolutionGuid = {C621D209-5820-44D6-8AFC-BA99CED63230}
	EndGlobalSection
EndGlobal
